
Microsoft Visual Studio Solution File, Format Version 12.00
# Visual Studio Version 16
VisualStudioVersion = 16.0.30711.63
MinimumVisualStudioVersion = 10.0.40219.1
Project("{8BC9CEB8-8B4A-11D0-8D11-00A0C91BC942}") = "exam_task_AlexanderDzhekov", "exam_task_AlexanderDzhekov\exam_task_AlexanderDzhekov.vcxproj", "{5E34AAF1-65EC-46B0-9C73-6C9D51A7DC7C}"
EndProject
Global
	GlobalSection(SolutionConfigurationPlatforms) = preSolution
		Debug|x64 = Debug|x64
		Debug|x86 = Debug|x86
		Release|x64 = Release|x64
		Release|x86 = Release|x86
	EndGlobalSection
	GlobalSection(ProjectConfigurationPlatforms) = postSolution
		{5E34AAF1-65EC-46B0-9C73-6C9D51A7DC7C}.Debug|x64.ActiveCfg = Debug|x64
		{5E34AAF1-65EC-46B0-9C73-6C9D51A7DC7C}.Debug|x64.Build.0 = Debug|x64
		{5E34AAF1-65EC-46B0-9C73-6C9D51A7DC7C}.Debug|x86.ActiveCfg = Debug|Win32
		{5E34AAF1-65EC-46B0-9C73-6C9D51A7DC7C}.Debug|x86.Build.0 = Debug|Win32
		{5E34AAF1-65EC-46B0-9C73-6C9D51A7DC7C}.Release|x64.ActiveCfg = Release|x64
		{5E34AAF1-65EC-46B0-9C73-6C9D51A7DC7C}.Release|x64.Build.0 = Release|x64
		{5E34AAF1-65EC-46B0-9C73-6C9D51A7DC7C}.Release|x86.ActiveCfg = Release|Win32
		{5E34AAF1-65EC-46B0-9C73-6C9D51A7DC7C}.Release|x86.Build.0 = Release|Win32
	EndGlobalSection
	GlobalSection(SolutionProperties) = preSolution
		HideSolutionNode = FALSE
	EndGlobalSection
	GlobalSection(ExtensibilityGlobals) = postSolution
		SolutionGuid = {E1B6A331-E61F-42C7-BEB2-C10C5BAF17D0}
	EndGlobalSection
EndGlobal
