
Microsoft Visual Studio Solution File, Format Version 12.00
# Visual Studio Version 16
VisualStudioVersion = 16.0.30711.63
MinimumVisualStudioVersion = 10.0.40219.1
Project("{8BC9CEB8-8B4A-11D0-8D11-00A0C91BC942}") = "Alex_Dzhekov_My_Project", "Alex_Dzhekov_My_Project\Alex_Dzhekov_My_Project.vcxproj", "{542214B9-7ABA-44AA-A793-68591757BABF}"
EndProject
Global
	GlobalSection(SolutionConfigurationPlatforms) = preSolution
		Debug|x64 = Debug|x64
		Debug|x86 = Debug|x86
		Release|x64 = Release|x64
		Release|x86 = Release|x86
	EndGlobalSection
	GlobalSection(ProjectConfigurationPlatforms) = postSolution
		{542214B9-7ABA-44AA-A793-68591757BABF}.Debug|x64.ActiveCfg = Debug|x64
		{542214B9-7ABA-44AA-A793-68591757BABF}.Debug|x64.Build.0 = Debug|x64
		{542214B9-7ABA-44AA-A793-68591757BABF}.Debug|x86.ActiveCfg = Debug|Win32
		{542214B9-7ABA-44AA-A793-68591757BABF}.Debug|x86.Build.0 = Debug|Win32
		{542214B9-7ABA-44AA-A793-68591757BABF}.Release|x64.ActiveCfg = Release|x64
		{542214B9-7ABA-44AA-A793-68591757BABF}.Release|x64.Build.0 = Release|x64
		{542214B9-7ABA-44AA-A793-68591757BABF}.Release|x86.ActiveCfg = Release|Win32
		{542214B9-7ABA-44AA-A793-68591757BABF}.Release|x86.Build.0 = Release|Win32
	EndGlobalSection
	GlobalSection(SolutionProperties) = preSolution
		HideSolutionNode = FALSE
	EndGlobalSection
	GlobalSection(ExtensibilityGlobals) = postSolution
		SolutionGuid = {0A482E17-E055-4B01-AD3F-F0F1A04CE331}
	EndGlobalSection
EndGlobal
