
Microsoft Visual Studio Solution File, Format Version 12.00
# Visual Studio Version 16
VisualStudioVersion = 16.0.30711.63
MinimumVisualStudioVersion = 10.0.40219.1
Project("{8BC9CEB8-8B4A-11D0-8D11-00A0C91BC942}") = "Alex_Dzhekov_Digits_of_a_Number", "Alex_Dzhekov_Digits_of_a_Number\Alex_Dzhekov_Digits_of_a_Number.vcxproj", "{C82DFBEC-695A-48C5-A447-21A6008748B6}"
EndProject
Global
	GlobalSection(SolutionConfigurationPlatforms) = preSolution
		Debug|x64 = Debug|x64
		Debug|x86 = Debug|x86
		Release|x64 = Release|x64
		Release|x86 = Release|x86
	EndGlobalSection
	GlobalSection(ProjectConfigurationPlatforms) = postSolution
		{C82DFBEC-695A-48C5-A447-21A6008748B6}.Debug|x64.ActiveCfg = Debug|x64
		{C82DFBEC-695A-48C5-A447-21A6008748B6}.Debug|x64.Build.0 = Debug|x64
		{C82DFBEC-695A-48C5-A447-21A6008748B6}.Debug|x86.ActiveCfg = Debug|Win32
		{C82DFBEC-695A-48C5-A447-21A6008748B6}.Debug|x86.Build.0 = Debug|Win32
		{C82DFBEC-695A-48C5-A447-21A6008748B6}.Release|x64.ActiveCfg = Release|x64
		{C82DFBEC-695A-48C5-A447-21A6008748B6}.Release|x64.Build.0 = Release|x64
		{C82DFBEC-695A-48C5-A447-21A6008748B6}.Release|x86.ActiveCfg = Release|Win32
		{C82DFBEC-695A-48C5-A447-21A6008748B6}.Release|x86.Build.0 = Release|Win32
	EndGlobalSection
	GlobalSection(SolutionProperties) = preSolution
		HideSolutionNode = FALSE
	EndGlobalSection
	GlobalSection(ExtensibilityGlobals) = postSolution
		SolutionGuid = {7EC6CFCD-612E-468F-94E1-AF0828544E0C}
	EndGlobalSection
EndGlobal
